{
  "originHash" : "ffe4098661bdd9330100b606fb6c23c50653d756596cd2bd341533977b26f3cf",
  "pins" : [
    {
      "identity" : "capacitor-swift-pm",
      "kind" : "remoteSourceControl",
      "location" : "https://github.com/ionic-team/capacitor-swift-pm.git",
      "state" : {
        "revision" : "44ae2505f54a80c5e559533950886d0644fc2fca",
        "version" : "8.4.0"
      }
    }
  ],
  "version" : 3
}
